
Microsoft Visual Studio Solution File, Format Version 12.00
# Visual Studio 15
Project("{FAE04EC0-301F-11D3-BF4B-00C04F79EFBC}") = "BeerTrade.Android", "BeerTrade.Android\BeerTrade.Android.csproj", "{CD234D3F-CDB1-496E-ACE2-31BCB261F60E}"
EndProject
Project("{FAE04EC0-301F-11D3-BF4B-00C04F79EFBC}") = "BeerTrade.iOS", "BeerTrade.iOS\BeerTrade.iOS.csproj", "{68EDAB2E-CBB2-42F8-AE11-024BE39442B2}"
EndProject
Project("{FAE04EC0-301F-11D3-BF4B-00C04F79EFBC}") = "BeerTrade.UITests", "BeerTrade.UITests\BeerTrade.UITests.csproj", "{6092F068-1BA0-41B6-B19B-6636831A019F}"
EndProject
Project("{FAE04EC0-301F-11D3-BF4B-00C04F79EFBC}") = "BeerTrade", "BeerTrade\BeerTrade.csproj", "{12E17F9F-D07E-4AE4-875C-9CB763A1D16D}"
EndProject
Global
	GlobalSection(SolutionConfigurationPlatforms) = preSolution
		Debug|Any CPU = Debug|Any CPU
		Release|Any CPU = Release|Any CPU
		Debug|iPhoneSimulator = Debug|iPhoneSimulator
		Release|iPhoneSimulator = Release|iPhoneSimulator
		Debug|iPhone = Debug|iPhone
		Release|iPhone = Release|iPhone
	EndGlobalSection
	GlobalSection(ProjectConfigurationPlatforms) = postSolution
		{CD234D3F-CDB1-496E-ACE2-31BCB261F60E}.Debug|Any CPU.ActiveCfg = Debug|Any CPU
		{CD234D3F-CDB1-496E-ACE2-31BCB261F60E}.Debug|Any CPU.Build.0 = Debug|Any CPU
		{CD234D3F-CDB1-496E-ACE2-31BCB261F60E}.Release|Any CPU.ActiveCfg = Release|Any CPU
		{CD234D3F-CDB1-496E-ACE2-31BCB261F60E}.Release|Any CPU.Build.0 = Release|Any CPU
		{CD234D3F-CDB1-496E-ACE2-31BCB261F60E}.Debug|iPhoneSimulator.ActiveCfg = Debug|Any CPU
		{CD234D3F-CDB1-496E-ACE2-31BCB261F60E}.Debug|iPhoneSimulator.Build.0 = Debug|Any CPU
		{CD234D3F-CDB1-496E-ACE2-31BCB261F60E}.Release|iPhoneSimulator.ActiveCfg = Release|Any CPU
		{CD234D3F-CDB1-496E-ACE2-31BCB261F60E}.Release|iPhoneSimulator.Build.0 = Release|Any CPU
		{CD234D3F-CDB1-496E-ACE2-31BCB261F60E}.Debug|iPhone.ActiveCfg = Debug|Any CPU
		{CD234D3F-CDB1-496E-ACE2-31BCB261F60E}.Debug|iPhone.Build.0 = Debug|Any CPU
		{CD234D3F-CDB1-496E-ACE2-31BCB261F60E}.Release|iPhone.ActiveCfg = Release|Any CPU
		{CD234D3F-CDB1-496E-ACE2-31BCB261F60E}.Release|iPhone.Build.0 = Release|Any CPU
		{68EDAB2E-CBB2-42F8-AE11-024BE39442B2}.Debug|Any CPU.ActiveCfg = Debug|iPhoneSimulator
		{68EDAB2E-CBB2-42F8-AE11-024BE39442B2}.Debug|Any CPU.Build.0 = Debug|iPhoneSimulator
		{68EDAB2E-CBB2-42F8-AE11-024BE39442B2}.Release|Any CPU.ActiveCfg = Release|iPhoneSimulator
		{68EDAB2E-CBB2-42F8-AE11-024BE39442B2}.Release|Any CPU.Build.0 = Release|iPhoneSimulator
		{68EDAB2E-CBB2-42F8-AE11-024BE39442B2}.Debug|iPhoneSimulator.ActiveCfg = Debug|iPhoneSimulator
		{68EDAB2E-CBB2-42F8-AE11-024BE39442B2}.Debug|iPhoneSimulator.Build.0 = Debug|iPhoneSimulator
		{68EDAB2E-CBB2-42F8-AE11-024BE39442B2}.Release|iPhoneSimulator.ActiveCfg = Release|iPhoneSimulator
		{68EDAB2E-CBB2-42F8-AE11-024BE39442B2}.Release|iPhoneSimulator.Build.0 = Release|iPhoneSimulator
		{68EDAB2E-CBB2-42F8-AE11-024BE39442B2}.Debug|iPhone.ActiveCfg = Debug|iPhone
		{68EDAB2E-CBB2-42F8-AE11-024BE39442B2}.Debug|iPhone.Build.0 = Debug|iPhone
		{68EDAB2E-CBB2-42F8-AE11-024BE39442B2}.Release|iPhone.ActiveCfg = Release|iPhone
		{68EDAB2E-CBB2-42F8-AE11-024BE39442B2}.Release|iPhone.Build.0 = Release|iPhone
		{6092F068-1BA0-41B6-B19B-6636831A019F}.Debug|Any CPU.ActiveCfg = Debug|Any CPU
		{6092F068-1BA0-41B6-B19B-6636831A019F}.Debug|Any CPU.Build.0 = Debug|Any CPU
		{6092F068-1BA0-41B6-B19B-6636831A019F}.Release|Any CPU.ActiveCfg = Release|Any CPU
		{6092F068-1BA0-41B6-B19B-6636831A019F}.Release|Any CPU.Build.0 = Release|Any CPU
		{6092F068-1BA0-41B6-B19B-6636831A019F}.Debug|iPhoneSimulator.ActiveCfg = Debug|Any CPU
		{6092F068-1BA0-41B6-B19B-6636831A019F}.Debug|iPhoneSimulator.Build.0 = Debug|Any CPU
		{6092F068-1BA0-41B6-B19B-6636831A019F}.Release|iPhoneSimulator.ActiveCfg = Release|Any CPU
		{6092F068-1BA0-41B6-B19B-6636831A019F}.Release|iPhoneSimulator.Build.0 = Release|Any CPU
		{6092F068-1BA0-41B6-B19B-6636831A019F}.Debug|iPhone.ActiveCfg = Debug|Any CPU
		{6092F068-1BA0-41B6-B19B-6636831A019F}.Debug|iPhone.Build.0 = Debug|Any CPU
		{6092F068-1BA0-41B6-B19B-6636831A019F}.Release|iPhone.ActiveCfg = Release|Any CPU
		{6092F068-1BA0-41B6-B19B-6636831A019F}.Release|iPhone.Build.0 = Release|Any CPU
		{12E17F9F-D07E-4AE4-875C-9CB763A1D16D}.Debug|Any CPU.ActiveCfg = Debug|Any CPU
		{12E17F9F-D07E-4AE4-875C-9CB763A1D16D}.Debug|Any CPU.Build.0 = Debug|Any CPU
		{12E17F9F-D07E-4AE4-875C-9CB763A1D16D}.Release|Any CPU.ActiveCfg = Release|Any CPU
		{12E17F9F-D07E-4AE4-875C-9CB763A1D16D}.Release|Any CPU.Build.0 = Release|Any CPU
		{12E17F9F-D07E-4AE4-875C-9CB763A1D16D}.Debug|iPhoneSimulator.ActiveCfg = Debug|Any CPU
		{12E17F9F-D07E-4AE4-875C-9CB763A1D16D}.Debug|iPhoneSimulator.Build.0 = Debug|Any CPU
		{12E17F9F-D07E-4AE4-875C-9CB763A1D16D}.Release|iPhoneSimulator.ActiveCfg = Release|Any CPU
		{12E17F9F-D07E-4AE4-875C-9CB763A1D16D}.Release|iPhoneSimulator.Build.0 = Release|Any CPU
		{12E17F9F-D07E-4AE4-875C-9CB763A1D16D}.Debug|iPhone.ActiveCfg = Debug|Any CPU
		{12E17F9F-D07E-4AE4-875C-9CB763A1D16D}.Debug|iPhone.Build.0 = Debug|Any CPU
		{12E17F9F-D07E-4AE4-875C-9CB763A1D16D}.Release|iPhone.ActiveCfg = Release|Any CPU
		{12E17F9F-D07E-4AE4-875C-9CB763A1D16D}.Release|iPhone.Build.0 = Release|Any CPU
	EndGlobalSection
EndGlobal
